
Microsoft Visual Studio Solution File, Format Version 12.00
# Visual Studio Version 17
VisualStudioVersion = 17.3.32819.101
MinimumVisualStudioVersion = 10.0.40219.1
Project("{FAE04EC0-301F-11D3-BF4B-00C04F79EFBC}") = "Estacionamento", "Estacionamento\Estacionamento.csproj", "{99617C27-A625-43EE-8CEB-3CF8765ACD77}"
EndProject
Global
	GlobalSection(SolutionConfigurationPlatforms) = preSolution
		Debug|Any CPU = Debug|Any CPU
		Release|Any CPU = Release|Any CPU
	EndGlobalSection
	GlobalSection(ProjectConfigurationPlatforms) = postSolution
		{99617C27-A625-43EE-8CEB-3CF8765ACD77}.Debug|Any CPU.ActiveCfg = Debug|Any CPU
		{99617C27-A625-43EE-8CEB-3CF8765ACD77}.Debug|Any CPU.Build.0 = Debug|Any CPU
		{99617C27-A625-43EE-8CEB-3CF8765ACD77}.Release|Any CPU.ActiveCfg = Release|Any CPU
		{99617C27-A625-43EE-8CEB-3CF8765ACD77}.Release|Any CPU.Build.0 = Release|Any CPU
	EndGlobalSection
	GlobalSection(SolutionProperties) = preSolution
		HideSolutionNode = FALSE
	EndGlobalSection
	GlobalSection(ExtensibilityGlobals) = postSolution
		SolutionGuid = {D2791E29-F9D8-47F5-AA5A-E6D202A69570}
	EndGlobalSection
EndGlobal
